
Microsoft Visual Studio Solution File, Format Version 12.00
# Visual Studio Version 16
VisualStudioVersion = 16.0.30114.105
MinimumVisualStudioVersion = 10.0.40219.1
Project("{FAE04EC0-301F-11D3-BF4B-00C04F79EFBC}") = "NexusTKMapEditor", "NexusTKMapEditor\NexusTKMapEditor.csproj", "{8A09D314-87FD-4F10-831E-0EA425A28E5D}"
EndProject
Project("{54435603-DBB4-11D2-8724-00A0C9A8B90C}") = "NexusTKMapEditorInstaller", "NexusTKMapEditorInstaller\NexusTKMapEditorInstaller.vdproj", "{5FDB5D0C-43D6-4D1D-B85A-F1A682DAA505}"
EndProject
Global
	GlobalSection(SolutionConfigurationPlatforms) = preSolution
		Debug|Any CPU = Debug|Any CPU
		Debug|Mixed Platforms = Debug|Mixed Platforms
		Debug|x86 = Debug|x86
		Release|Any CPU = Release|Any CPU
		Release|Mixed Platforms = Release|Mixed Platforms
		Release|x86 = Release|x86
	EndGlobalSection
	GlobalSection(ProjectConfigurationPlatforms) = postSolution
		{8A09D314-87FD-4F10-831E-0EA425A28E5D}.Debug|Any CPU.ActiveCfg = Debug|Any CPU
		{8A09D314-87FD-4F10-831E-0EA425A28E5D}.Debug|Any CPU.Build.0 = Debug|Any CPU
		{8A09D314-87FD-4F10-831E-0EA425A28E5D}.Debug|Mixed Platforms.ActiveCfg = Debug|Any CPU
		{8A09D314-87FD-4F10-831E-0EA425A28E5D}.Debug|Mixed Platforms.Build.0 = Debug|Any CPU
		{8A09D314-87FD-4F10-831E-0EA425A28E5D}.Debug|x86.ActiveCfg = Debug|Any CPU
		{8A09D314-87FD-4F10-831E-0EA425A28E5D}.Debug|x86.Build.0 = Debug|Any CPU
		{8A09D314-87FD-4F10-831E-0EA425A28E5D}.Release|Any CPU.ActiveCfg = Release|Any CPU
		{8A09D314-87FD-4F10-831E-0EA425A28E5D}.Release|Any CPU.Build.0 = Release|Any CPU
		{8A09D314-87FD-4F10-831E-0EA425A28E5D}.Release|Mixed Platforms.ActiveCfg = Release|Any CPU
		{8A09D314-87FD-4F10-831E-0EA425A28E5D}.Release|Mixed Platforms.Build.0 = Release|Any CPU
		{8A09D314-87FD-4F10-831E-0EA425A28E5D}.Release|x86.ActiveCfg = Release|Any CPU
		{8A09D314-87FD-4F10-831E-0EA425A28E5D}.Release|x86.Build.0 = Release|Any CPU
		{5FDB5D0C-43D6-4D1D-B85A-F1A682DAA505}.Debug|Any CPU.ActiveCfg = Debug
		{5FDB5D0C-43D6-4D1D-B85A-F1A682DAA505}.Debug|Any CPU.Build.0 = Debug
		{5FDB5D0C-43D6-4D1D-B85A-F1A682DAA505}.Debug|Mixed Platforms.ActiveCfg = Debug
		{5FDB5D0C-43D6-4D1D-B85A-F1A682DAA505}.Debug|Mixed Platforms.Build.0 = Debug
		{5FDB5D0C-43D6-4D1D-B85A-F1A682DAA505}.Debug|x86.ActiveCfg = Debug
		{5FDB5D0C-43D6-4D1D-B85A-F1A682DAA505}.Debug|x86.Build.0 = Debug
		{5FDB5D0C-43D6-4D1D-B85A-F1A682DAA505}.Release|Any CPU.ActiveCfg = Release
		{5FDB5D0C-43D6-4D1D-B85A-F1A682DAA505}.Release|Any CPU.Build.0 = Release
		{5FDB5D0C-43D6-4D1D-B85A-F1A682DAA505}.Release|Mixed Platforms.ActiveCfg = Release
		{5FDB5D0C-43D6-4D1D-B85A-F1A682DAA505}.Release|Mixed Platforms.Build.0 = Release
		{5FDB5D0C-43D6-4D1D-B85A-F1A682DAA505}.Release|x86.ActiveCfg = Release
		{5FDB5D0C-43D6-4D1D-B85A-F1A682DAA505}.Release|x86.Build.0 = Release
	EndGlobalSection
	GlobalSection(SolutionProperties) = preSolution
		HideSolutionNode = FALSE
	EndGlobalSection
	GlobalSection(ExtensibilityGlobals) = postSolution
		SolutionGuid = {D97804A5-786F-429E-9A3D-FF22FDFE4CF8}
	EndGlobalSection
EndGlobal
